
Microsoft Visual Studio Solution File, Format Version 12.00
# Visual Studio Version 17
VisualStudioVersion = 17.10.35122.118
MinimumVisualStudioVersion = 10.0.40219.1
Project("{FAE04EC0-301F-11D3-BF4B-00C04F79EFBC}") = "Aspen_API", "Aspen_API\Aspen_API.csproj", "{127F189E-94CB-4781-A76F-2C2978AAF1FC}"
EndProject
Global
	GlobalSection(SolutionConfigurationPlatforms) = preSolution
		Debug|Any CPU = Debug|Any CPU
		Release|Any CPU = Release|Any CPU
	EndGlobalSection
	GlobalSection(ProjectConfigurationPlatforms) = postSolution
		{127F189E-94CB-4781-A76F-2C2978AAF1FC}.Debug|Any CPU.ActiveCfg = Debug|Any CPU
		{127F189E-94CB-4781-A76F-2C2978AAF1FC}.Debug|Any CPU.Build.0 = Debug|Any CPU
		{127F189E-94CB-4781-A76F-2C2978AAF1FC}.Release|Any CPU.ActiveCfg = Release|Any CPU
		{127F189E-94CB-4781-A76F-2C2978AAF1FC}.Release|Any CPU.Build.0 = Release|Any CPU
	EndGlobalSection
	GlobalSection(SolutionProperties) = preSolution
		HideSolutionNode = FALSE
	EndGlobalSection
	GlobalSection(ExtensibilityGlobals) = postSolution
		SolutionGuid = {2597D15D-1ACB-402E-B600-C739FFD4414C}
	EndGlobalSection
EndGlobal
